
Microsoft Visual Studio Solution File, Format Version 12.00
# Visual Studio Version 17
VisualStudioVersion = 17.8.34408.163
MinimumVisualStudioVersion = 10.0.40219.1
Project("{9A19103F-16F7-4668-BE54-9A1E7A4F7556}") = "M001", "M001\M001.csproj", "{033415D1-FBA3-4894-8374-70507FAB02EA}"
EndProject
Project("{9A19103F-16F7-4668-BE54-9A1E7A4F7556}") = "M002", "M002\M002.csproj", "{9E4E84AE-C990-4261-AF4D-5F44681C452B}"
EndProject
Project("{9A19103F-16F7-4668-BE54-9A1E7A4F7556}") = "M003", "M003\M003.csproj", "{CC96B75C-80A9-4C73-AAC5-D3892A425234}"
EndProject
Project("{9A19103F-16F7-4668-BE54-9A1E7A4F7556}") = "M004", "M004\M004.csproj", "{265B0067-1F76-421A-B1B7-654C93290EC9}"
EndProject
Project("{9A19103F-16F7-4668-BE54-9A1E7A4F7556}") = "M005", "M005\M005.csproj", "{270A3A17-9CBB-4BEC-A289-1BC1C1CFC950}"
EndProject
Project("{9A19103F-16F7-4668-BE54-9A1E7A4F7556}") = "M006", "M006\M006.csproj", "{E6A514C8-3A10-45F3-B294-724CE88F8A5E}"
EndProject
Project("{9A19103F-16F7-4668-BE54-9A1E7A4F7556}") = "M007", "M007\M007.csproj", "{97522961-E330-41BA-BC59-1949297498D3}"
EndProject
Project("{9A19103F-16F7-4668-BE54-9A1E7A4F7556}") = "M008", "M008\M008.csproj", "{D5B7C55F-4913-496E-86C2-CABFD0E85DBD}"
EndProject
Project("{9A19103F-16F7-4668-BE54-9A1E7A4F7556}") = "M009", "M009\M009.csproj", "{9FF84EEE-185D-459E-8058-435AC063950E}"
EndProject
Project("{9A19103F-16F7-4668-BE54-9A1E7A4F7556}") = "M010", "M010\M010.csproj", "{25F5704A-EE62-41E7-B4E7-D4B1F95D9467}"
EndProject
Project("{9A19103F-16F7-4668-BE54-9A1E7A4F7556}") = "M011", "M011\M011.csproj", "{9FA23749-CE8D-4E7E-A701-D7A275C459D8}"
EndProject
Project("{FAE04EC0-301F-11D3-BF4B-00C04F79EFBC}") = "M012", "M012\M012.csproj", "{77C820A1-F19E-4648-AD9F-A7E7ADCC6299}"
EndProject
Project("{FAE04EC0-301F-11D3-BF4B-00C04F79EFBC}") = "M013", "M013\M013.csproj", "{8C833385-9475-4519-8D57-75621A97BB83}"
EndProject
Project("{FAE04EC0-301F-11D3-BF4B-00C04F79EFBC}") = "M014", "M014\M014.csproj", "{AEC2902F-F734-414B-AD7A-8B59597EF091}"
EndProject
Project("{FAE04EC0-301F-11D3-BF4B-00C04F79EFBC}") = "M015", "M015\M015.csproj", "{3F46F035-F7A2-497A-A6C6-D8C77EC1149F}"
EndProject
Project("{FAE04EC0-301F-11D3-BF4B-00C04F79EFBC}") = "M016", "M016\M016.csproj", "{BFD20643-BC7A-43B2-9D14-1D4D99112BA4}"
EndProject
Project("{FAE04EC0-301F-11D3-BF4B-00C04F79EFBC}") = "M017", "M017\M017.csproj", "{048A80DC-50F2-472F-BE10-0B4B69D2DF97}"
EndProject
Project("{FAE04EC0-301F-11D3-BF4B-00C04F79EFBC}") = "M018", "M018\M018.csproj", "{8E85578E-5592-4A26-A2EF-1D002AC24705}"
EndProject
Global
	GlobalSection(SolutionConfigurationPlatforms) = preSolution
		Debug|Any CPU = Debug|Any CPU
		Release|Any CPU = Release|Any CPU
	EndGlobalSection
	GlobalSection(ProjectConfigurationPlatforms) = postSolution
		{033415D1-FBA3-4894-8374-70507FAB02EA}.Debug|Any CPU.ActiveCfg = Debug|Any CPU
		{033415D1-FBA3-4894-8374-70507FAB02EA}.Debug|Any CPU.Build.0 = Debug|Any CPU
		{033415D1-FBA3-4894-8374-70507FAB02EA}.Release|Any CPU.ActiveCfg = Release|Any CPU
		{033415D1-FBA3-4894-8374-70507FAB02EA}.Release|Any CPU.Build.0 = Release|Any CPU
		{9E4E84AE-C990-4261-AF4D-5F44681C452B}.Debug|Any CPU.ActiveCfg = Debug|Any CPU
		{9E4E84AE-C990-4261-AF4D-5F44681C452B}.Debug|Any CPU.Build.0 = Debug|Any CPU
		{9E4E84AE-C990-4261-AF4D-5F44681C452B}.Release|Any CPU.ActiveCfg = Release|Any CPU
		{9E4E84AE-C990-4261-AF4D-5F44681C452B}.Release|Any CPU.Build.0 = Release|Any CPU
		{CC96B75C-80A9-4C73-AAC5-D3892A425234}.Debug|Any CPU.ActiveCfg = Debug|Any CPU
		{CC96B75C-80A9-4C73-AAC5-D3892A425234}.Debug|Any CPU.Build.0 = Debug|Any CPU
		{CC96B75C-80A9-4C73-AAC5-D3892A425234}.Release|Any CPU.ActiveCfg = Release|Any CPU
		{CC96B75C-80A9-4C73-AAC5-D3892A425234}.Release|Any CPU.Build.0 = Release|Any CPU
		{265B0067-1F76-421A-B1B7-654C93290EC9}.Debug|Any CPU.ActiveCfg = Debug|Any CPU
		{265B0067-1F76-421A-B1B7-654C93290EC9}.Debug|Any CPU.Build.0 = Debug|Any CPU
		{265B0067-1F76-421A-B1B7-654C93290EC9}.Release|Any CPU.ActiveCfg = Release|Any CPU
		{265B0067-1F76-421A-B1B7-654C93290EC9}.Release|Any CPU.Build.0 = Release|Any CPU
		{270A3A17-9CBB-4BEC-A289-1BC1C1CFC950}.Debug|Any CPU.ActiveCfg = Debug|Any CPU
		{270A3A17-9CBB-4BEC-A289-1BC1C1CFC950}.Debug|Any CPU.Build.0 = Debug|Any CPU
		{270A3A17-9CBB-4BEC-A289-1BC1C1CFC950}.Release|Any CPU.ActiveCfg = Release|Any CPU
		{270A3A17-9CBB-4BEC-A289-1BC1C1CFC950}.Release|Any CPU.Build.0 = Release|Any CPU
		{E6A514C8-3A10-45F3-B294-724CE88F8A5E}.Debug|Any CPU.ActiveCfg = Debug|Any CPU
		{E6A514C8-3A10-45F3-B294-724CE88F8A5E}.Debug|Any CPU.Build.0 = Debug|Any CPU
		{E6A514C8-3A10-45F3-B294-724CE88F8A5E}.Release|Any CPU.ActiveCfg = Release|Any CPU
		{E6A514C8-3A10-45F3-B294-724CE88F8A5E}.Release|Any CPU.Build.0 = Release|Any CPU
		{97522961-E330-41BA-BC59-1949297498D3}.Debug|Any CPU.ActiveCfg = Debug|Any CPU
		{97522961-E330-41BA-BC59-1949297498D3}.Debug|Any CPU.Build.0 = Debug|Any CPU
		{97522961-E330-41BA-BC59-1949297498D3}.Release|Any CPU.ActiveCfg = Release|Any CPU
		{97522961-E330-41BA-BC59-1949297498D3}.Release|Any CPU.Build.0 = Release|Any CPU
		{D5B7C55F-4913-496E-86C2-CABFD0E85DBD}.Debug|Any CPU.ActiveCfg = Debug|Any CPU
		{D5B7C55F-4913-496E-86C2-CABFD0E85DBD}.Debug|Any CPU.Build.0 = Debug|Any CPU
		{D5B7C55F-4913-496E-86C2-CABFD0E85DBD}.Release|Any CPU.ActiveCfg = Release|Any CPU
		{D5B7C55F-4913-496E-86C2-CABFD0E85DBD}.Release|Any CPU.Build.0 = Release|Any CPU
		{9FF84EEE-185D-459E-8058-435AC063950E}.Debug|Any CPU.ActiveCfg = Debug|Any CPU
		{9FF84EEE-185D-459E-8058-435AC063950E}.Debug|Any CPU.Build.0 = Debug|Any CPU
		{9FF84EEE-185D-459E-8058-435AC063950E}.Release|Any CPU.ActiveCfg = Release|Any CPU
		{9FF84EEE-185D-459E-8058-435AC063950E}.Release|Any CPU.Build.0 = Release|Any CPU
		{25F5704A-EE62-41E7-B4E7-D4B1F95D9467}.Debug|Any CPU.ActiveCfg = Debug|Any CPU
		{25F5704A-EE62-41E7-B4E7-D4B1F95D9467}.Debug|Any CPU.Build.0 = Debug|Any CPU
		{25F5704A-EE62-41E7-B4E7-D4B1F95D9467}.Release|Any CPU.ActiveCfg = Release|Any CPU
		{25F5704A-EE62-41E7-B4E7-D4B1F95D9467}.Release|Any CPU.Build.0 = Release|Any CPU
		{9FA23749-CE8D-4E7E-A701-D7A275C459D8}.Debug|Any CPU.ActiveCfg = Debug|Any CPU
		{9FA23749-CE8D-4E7E-A701-D7A275C459D8}.Debug|Any CPU.Build.0 = Debug|Any CPU
		{9FA23749-CE8D-4E7E-A701-D7A275C459D8}.Release|Any CPU.ActiveCfg = Release|Any CPU
		{9FA23749-CE8D-4E7E-A701-D7A275C459D8}.Release|Any CPU.Build.0 = Release|Any CPU
		{77C820A1-F19E-4648-AD9F-A7E7ADCC6299}.Debug|Any CPU.ActiveCfg = Debug|Any CPU
		{77C820A1-F19E-4648-AD9F-A7E7ADCC6299}.Debug|Any CPU.Build.0 = Debug|Any CPU
		{77C820A1-F19E-4648-AD9F-A7E7ADCC6299}.Release|Any CPU.ActiveCfg = Release|Any CPU
		{77C820A1-F19E-4648-AD9F-A7E7ADCC6299}.Release|Any CPU.Build.0 = Release|Any CPU
		{8C833385-9475-4519-8D57-75621A97BB83}.Debug|Any CPU.ActiveCfg = Debug|Any CPU
		{8C833385-9475-4519-8D57-75621A97BB83}.Debug|Any CPU.Build.0 = Debug|Any CPU
		{8C833385-9475-4519-8D57-75621A97BB83}.Release|Any CPU.ActiveCfg = Release|Any CPU
		{8C833385-9475-4519-8D57-75621A97BB83}.Release|Any CPU.Build.0 = Release|Any CPU
		{AEC2902F-F734-414B-AD7A-8B59597EF091}.Debug|Any CPU.ActiveCfg = Debug|Any CPU
		{AEC2902F-F734-414B-AD7A-8B59597EF091}.Debug|Any CPU.Build.0 = Debug|Any CPU
		{AEC2902F-F734-414B-AD7A-8B59597EF091}.Release|Any CPU.ActiveCfg = Release|Any CPU
		{AEC2902F-F734-414B-AD7A-8B59597EF091}.Release|Any CPU.Build.0 = Release|Any CPU
		{3F46F035-F7A2-497A-A6C6-D8C77EC1149F}.Debug|Any CPU.ActiveCfg = Debug|Any CPU
		{3F46F035-F7A2-497A-A6C6-D8C77EC1149F}.Debug|Any CPU.Build.0 = Debug|Any CPU
		{3F46F035-F7A2-497A-A6C6-D8C77EC1149F}.Release|Any CPU.ActiveCfg = Release|Any CPU
		{3F46F035-F7A2-497A-A6C6-D8C77EC1149F}.Release|Any CPU.Build.0 = Release|Any CPU
		{BFD20643-BC7A-43B2-9D14-1D4D99112BA4}.Debug|Any CPU.ActiveCfg = Debug|Any CPU
		{BFD20643-BC7A-43B2-9D14-1D4D99112BA4}.Debug|Any CPU.Build.0 = Debug|Any CPU
		{BFD20643-BC7A-43B2-9D14-1D4D99112BA4}.Release|Any CPU.ActiveCfg = Release|Any CPU
		{BFD20643-BC7A-43B2-9D14-1D4D99112BA4}.Release|Any CPU.Build.0 = Release|Any CPU
		{048A80DC-50F2-472F-BE10-0B4B69D2DF97}.Debug|Any CPU.ActiveCfg = Debug|Any CPU
		{048A80DC-50F2-472F-BE10-0B4B69D2DF97}.Debug|Any CPU.Build.0 = Debug|Any CPU
		{048A80DC-50F2-472F-BE10-0B4B69D2DF97}.Release|Any CPU.ActiveCfg = Release|Any CPU
		{048A80DC-50F2-472F-BE10-0B4B69D2DF97}.Release|Any CPU.Build.0 = Release|Any CPU
		{8E85578E-5592-4A26-A2EF-1D002AC24705}.Debug|Any CPU.ActiveCfg = Debug|Any CPU
		{8E85578E-5592-4A26-A2EF-1D002AC24705}.Debug|Any CPU.Build.0 = Debug|Any CPU
		{8E85578E-5592-4A26-A2EF-1D002AC24705}.Release|Any CPU.ActiveCfg = Release|Any CPU
		{8E85578E-5592-4A26-A2EF-1D002AC24705}.Release|Any CPU.Build.0 = Release|Any CPU
	EndGlobalSection
	GlobalSection(SolutionProperties) = preSolution
		HideSolutionNode = FALSE
	EndGlobalSection
	GlobalSection(ExtensibilityGlobals) = postSolution
		SolutionGuid = {E77D71A5-DEF4-4811-94F2-176AB390710A}
	EndGlobalSection
EndGlobal
