
Microsoft Visual Studio Solution File, Format Version 12.00
# Visual Studio Version 17
VisualStudioVersion = 17.8.34408.163
MinimumVisualStudioVersion = 10.0.40219.1
Project("{FAE04EC0-301F-11D3-BF4B-00C04F79EFBC}") = "M001", "M001\M001.csproj", "{033415D1-FBA3-4894-8374-70507FAB02EA}"
EndProject
Project("{FAE04EC0-301F-11D3-BF4B-00C04F79EFBC}") = "M002", "M002\M002.csproj", "{9E4E84AE-C990-4261-AF4D-5F44681C452B}"
EndProject
Project("{FAE04EC0-301F-11D3-BF4B-00C04F79EFBC}") = "M003", "M003\M003.csproj", "{CC96B75C-80A9-4C73-AAC5-D3892A425234}"
EndProject
Global
	GlobalSection(SolutionConfigurationPlatforms) = preSolution
		Debug|Any CPU = Debug|Any CPU
		Release|Any CPU = Release|Any CPU
	EndGlobalSection
	GlobalSection(ProjectConfigurationPlatforms) = postSolution
		{033415D1-FBA3-4894-8374-70507FAB02EA}.Debug|Any CPU.ActiveCfg = Debug|Any CPU
		{033415D1-FBA3-4894-8374-70507FAB02EA}.Debug|Any CPU.Build.0 = Debug|Any CPU
		{033415D1-FBA3-4894-8374-70507FAB02EA}.Release|Any CPU.ActiveCfg = Release|Any CPU
		{033415D1-FBA3-4894-8374-70507FAB02EA}.Release|Any CPU.Build.0 = Release|Any CPU
		{9E4E84AE-C990-4261-AF4D-5F44681C452B}.Debug|Any CPU.ActiveCfg = Debug|Any CPU
		{9E4E84AE-C990-4261-AF4D-5F44681C452B}.Debug|Any CPU.Build.0 = Debug|Any CPU
		{9E4E84AE-C990-4261-AF4D-5F44681C452B}.Release|Any CPU.ActiveCfg = Release|Any CPU
		{9E4E84AE-C990-4261-AF4D-5F44681C452B}.Release|Any CPU.Build.0 = Release|Any CPU
		{CC96B75C-80A9-4C73-AAC5-D3892A425234}.Debug|Any CPU.ActiveCfg = Debug|Any CPU
		{CC96B75C-80A9-4C73-AAC5-D3892A425234}.Debug|Any CPU.Build.0 = Debug|Any CPU
		{CC96B75C-80A9-4C73-AAC5-D3892A425234}.Release|Any CPU.ActiveCfg = Release|Any CPU
		{CC96B75C-80A9-4C73-AAC5-D3892A425234}.Release|Any CPU.Build.0 = Release|Any CPU
	EndGlobalSection
	GlobalSection(SolutionProperties) = preSolution
		HideSolutionNode = FALSE
	EndGlobalSection
	GlobalSection(ExtensibilityGlobals) = postSolution
		SolutionGuid = {E77D71A5-DEF4-4811-94F2-176AB390710A}
	EndGlobalSection
EndGlobal
